
Microsoft Visual Studio Solution File, Format Version 12.00
# Visual Studio Version 16
VisualStudioVersion = 16.0.30907.101
MinimumVisualStudioVersion = 10.0.40219.1
Project("{FAE04EC0-301F-11D3-BF4B-00C04F79EFBC}") = "DictionaryDemo", "DictionaryDemo\DictionaryDemo.csproj", "{5DB7046A-3E11-401C-9EEC-B86BFE88D0D8}"
EndProject
Global
	GlobalSection(SolutionConfigurationPlatforms) = preSolution
		Debug|Any CPU = Debug|Any CPU
		Release|Any CPU = Release|Any CPU
	EndGlobalSection
	GlobalSection(ProjectConfigurationPlatforms) = postSolution
		{5DB7046A-3E11-401C-9EEC-B86BFE88D0D8}.Debug|Any CPU.ActiveCfg = Debug|Any CPU
		{5DB7046A-3E11-401C-9EEC-B86BFE88D0D8}.Debug|Any CPU.Build.0 = Debug|Any CPU
		{5DB7046A-3E11-401C-9EEC-B86BFE88D0D8}.Release|Any CPU.ActiveCfg = Release|Any CPU
		{5DB7046A-3E11-401C-9EEC-B86BFE88D0D8}.Release|Any CPU.Build.0 = Release|Any CPU
	EndGlobalSection
	GlobalSection(SolutionProperties) = preSolution
		HideSolutionNode = FALSE
	EndGlobalSection
	GlobalSection(ExtensibilityGlobals) = postSolution
		SolutionGuid = {870CF3FC-B8A0-44D3-98C1-E75E325672A5}
	EndGlobalSection
EndGlobal
